// !$*UTF8*$!
{
	archiveVersion = 1;
	classes = {
	};
	objectVersion = 46;
	objects = {

/* Begin PBXBuildFile section */
		8826596C1A3D95E90031D412 /* main.m in Sources */ = {isa = PBXBuildFile; fileRef = 8826596B1A3D95E90031D412 /* main.m */; };
		882659751A3D95E90031D412 /* Main.storyboard in Resources */ = {isa = PBXBuildFile; fileRef = 882659731A3D95E90031D412 /* Main.storyboard */; };
		882659771A3D95E90031D412 /* Images.xcassets in Resources */ = {isa = PBXBuildFile; fileRef = 882659761A3D95E90031D412 /* Images.xcassets */; };
		8826597A1A3D95E90031D412 /* LaunchScreen.xib in Resources */ = {isa = PBXBuildFile; fileRef = 882659781A3D95E90031D412 /* LaunchScreen.xib */; };
		882659861A3D95EA0031D412 /* TimerTests.m in Sources */ = {isa = PBXBuildFile; fileRef = 882659851A3D95EA0031D412 /* TimerTests.m */; };
		8840D8801A4C73C2001F3D52 /* RegisterViewController.m in Sources */ = {isa = PBXBuildFile; fileRef = 8840D87F1A4C73C2001F3D52 /* RegisterViewController.m */; };
		8840D8821A4C7612001F3D52 /* RegisterViewController.xib in Resources */ = {isa = PBXBuildFile; fileRef = 8840D8811A4C7612001F3D52 /* RegisterViewController.xib */; };
		8840D8861A4CF732001F3D52 /* RegistrationLogic.m in Sources */ = {isa = PBXBuildFile; fileRef = 8840D8851A4CF732001F3D52 /* RegistrationLogic.m */; };
		8840D8901A515AC0001F3D52 /* TimerListCell.m in Sources */ = {isa = PBXBuildFile; fileRef = 8840D88F1A515AC0001F3D52 /* TimerListCell.m */; };
		886F141A1A56AF6A00300B46 /* TimerFormatter.m in Sources */ = {isa = PBXBuildFile; fileRef = 886F14191A56AF6A00300B46 /* TimerFormatter.m */; };
		886F141D1A56B3AA00300B46 /* NSObject+PropertyList.m in Sources */ = {isa = PBXBuildFile; fileRef = 886F141C1A56B3AA00300B46 /* NSObject+PropertyList.m */; };
		88AA592E1A3DAA3600C81DDA /* TimerDTO.mm in Sources */ = {isa = PBXBuildFile; fileRef = 88AA592D1A3DAA3600C81DDA /* TimerDTO.mm */; };
		88AA59311A45186F00C81DDA /* ListViewController.m in Sources */ = {isa = PBXBuildFile; fileRef = 88AA59301A45186F00C81DDA /* ListViewController.m */; };
		88AA59341A45187300C81DDA /* AppDelegate.m in Sources */ = {isa = PBXBuildFile; fileRef = 88AA59331A45187300C81DDA /* AppDelegate.m */; };
		88AA593A1A451F7900C81DDA /* TimerService.mm in Sources */ = {isa = PBXBuildFile; fileRef = 88AA59391A451F7900C81DDA /* TimerService.mm */; };
		88AA59411A458D8000C81DDA /* libTimerLib.a in Frameworks */ = {isa = PBXBuildFile; fileRef = 88D148DE1A3D9F5700255E52 /* libTimerLib.a */; };
		88AA59441A45938500C81DDA /* Configuration.mm in Sources */ = {isa = PBXBuildFile; fileRef = 88AA59431A45938500C81DDA /* Configuration.mm */; };
		88AA59481A4725E000C81DDA /* TimerServiceTest.m in Sources */ = {isa = PBXBuildFile; fileRef = 88AA59471A4725E000C81DDA /* TimerServiceTest.m */; };
		88AA594C1A4726F800C81DDA /* NSObject+Debug.m in Sources */ = {isa = PBXBuildFile; fileRef = 88AA594B1A4726F800C81DDA /* NSObject+Debug.m */; };
		88AA594E1A47EBD200C81DDA /* TimerService.mm in Sources */ = {isa = PBXBuildFile; fileRef = 88AA59391A451F7900C81DDA /* TimerService.mm */; };
		88AA594F1A47EC2600C81DDA /* Configuration.mm in Sources */ = {isa = PBXBuildFile; fileRef = 88AA59431A45938500C81DDA /* Configuration.mm */; };
		88D0AA5B1A6126A300990333 /* libGraphics.a in Frameworks */ = {isa = PBXBuildFile; fileRef = 88D0AA5A1A61268500990333 /* libGraphics.a */; };
		88D0AAFD1A66CFEF00990333 /* ProjectCore.framework in Frameworks */ = {isa = PBXBuildFile; fileRef = 88D0AAE61A66CD3E00990333 /* ProjectCore.framework */; };
		88D0AB0F1A66D38700990333 /* ProjectCore.framework in CopyFiles */ = {isa = PBXBuildFile; fileRef = 88D0AAE61A66CD3E00990333 /* ProjectCore.framework */; settings = {ATTRIBUTES = (CodeSignOnCopy, RemoveHeadersOnCopy, ); }; };
		88E207321A543B4D005D1C5D /* EditViewController.m in Sources */ = {isa = PBXBuildFile; fileRef = 88E207311A543B4D005D1C5D /* EditViewController.m */; };
		88E207361A543C58005D1C5D /* EditViewController.xib in Resources */ = {isa = PBXBuildFile; fileRef = 88E207351A543C58005D1C5D /* EditViewController.xib */; };
		88E207391A544009005D1C5D /* EditSetViewController.m in Sources */ = {isa = PBXBuildFile; fileRef = 88E207381A544009005D1C5D /* EditSetViewController.m */; };
		88E2073D1A5449C2005D1C5D /* UIView+Defaults.m in Sources */ = {isa = PBXBuildFile; fileRef = 88E2073C1A5449C2005D1C5D /* UIView+Defaults.m */; };
/* End PBXBuildFile section */

/* Begin PBXContainerItemProxy section */
		882659801A3D95EA0031D412 /* PBXContainerItemProxy */ = {
			isa = PBXContainerItemProxy;
			containerPortal = 8826595E1A3D95E90031D412 /* Project object */;
			proxyType = 1;
			remoteGlobalIDString = 882659651A3D95E90031D412;
			remoteInfo = Timer;
		};
		88AA593F1A458D7800C81DDA /* PBXContainerItemProxy */ = {
			isa = PBXContainerItemProxy;
			containerPortal = 88D148D31A3D9F5700255E52 /* Timer_Core.xcodeproj */;
			proxyType = 1;
			remoteGlobalIDString = 88265A181A3D96780031D412;
			remoteInfo = TimerLib;
		};
		88D0AA551A61268500990333 /* PBXContainerItemProxy */ = {
			isa = PBXContainerItemProxy;
			containerPortal = 88D0AA4F1A61268400990333 /* Graphics.xcodeproj */;
			proxyType = 2;
			remoteGlobalIDString = 885EE9591A598A650012720D;
			remoteInfo = Graphics;
		};
		88D0AA571A61268500990333 /* PBXContainerItemProxy */ = {
			isa = PBXContainerItemProxy;
			containerPortal = 88D0AA4F1A61268400990333 /* Graphics.xcodeproj */;
			proxyType = 2;
			remoteGlobalIDString = 885EE9721A598A650012720D;
			remoteInfo = GraphicsTests;
		};
		88D0AA591A61268500990333 /* PBXContainerItemProxy */ = {
			isa = PBXContainerItemProxy;
			containerPortal = 88D0AA4F1A61268400990333 /* Graphics.xcodeproj */;
			proxyType = 2;
			remoteGlobalIDString = 885EE9881A598AA50012720D;
			remoteInfo = GraphicsLib;
		};
		88D0AA5C1A6126AE00990333 /* PBXContainerItemProxy */ = {
			isa = PBXContainerItemProxy;
			containerPortal = 88D0AA4F1A61268400990333 /* Graphics.xcodeproj */;
			proxyType = 1;
			remoteGlobalIDString = 885EE9871A598AA50012720D;
			remoteInfo = GraphicsLib;
		};
		88D0AAE51A66CD3E00990333 /* PBXContainerItemProxy */ = {
			isa = PBXContainerItemProxy;
			containerPortal = 88D0AADE1A66CD3D00990333 /* ProjectCore.xcodeproj */;
			proxyType = 2;
			remoteGlobalIDString = 88D0AABC1A66CCE500990333;
			remoteInfo = ProjectCore;
		};
		88D0AAE71A66CD3E00990333 /* PBXContainerItemProxy */ = {
			isa = PBXContainerItemProxy;
			containerPortal = 88D0AADE1A66CD3D00990333 /* ProjectCore.xcodeproj */;
			proxyType = 2;
			remoteGlobalIDString = 88D0AAC71A66CCE500990333;
			remoteInfo = ProjectCoreTests;
		};
		88D0AAFB1A66CFE500990333 /* PBXContainerItemProxy */ = {
			isa = PBXContainerItemProxy;
			containerPortal = 88D0AADE1A66CD3D00990333 /* ProjectCore.xcodeproj */;
			proxyType = 1;
			remoteGlobalIDString = 88D0AABB1A66CCE500990333;
			remoteInfo = ProjectCore;
		};
		88D148D91A3D9F5700255E52 /* PBXContainerItemProxy */ = {
			isa = PBXContainerItemProxy;
			containerPortal = 88D148D31A3D9F5700255E52 /* Timer_Core.xcodeproj */;
			proxyType = 2;
			remoteGlobalIDString = 882741311A2027E70086C294;
			remoteInfo = Timer_Core;
		};
		88D148DB1A3D9F5700255E52 /* PBXContainerItemProxy */ = {
			isa = PBXContainerItemProxy;
			containerPortal = 88D148D31A3D9F5700255E52 /* Timer_Core.xcodeproj */;
			proxyType = 2;
			remoteGlobalIDString = 8827414D1A2033DD0086C294;
			remoteInfo = Timer_CoreTest;
		};
		88D148DD1A3D9F5700255E52 /* PBXContainerItemProxy */ = {
			isa = PBXContainerItemProxy;
			containerPortal = 88D148D31A3D9F5700255E52 /* Timer_Core.xcodeproj */;
			proxyType = 2;
			remoteGlobalIDString = 88265A191A3D96780031D412;
			remoteInfo = TimerLib;
		};
/* End PBXContainerItemProxy section */

/* Begin PBXCopyFilesBuildPhase section */
		88D0AB0E1A66D37700990333 /* CopyFiles */ = {
			isa = PBXCopyFilesBuildPhase;
			buildActionMask = 2147483647;
			dstPath = "";
			dstSubfolderSpec = 10;
			files = (
				88D0AB0F1A66D38700990333 /* ProjectCore.framework in CopyFiles */,
			);
			runOnlyForDeploymentPostprocessing = 0;
		};
/* End PBXCopyFilesBuildPhase section */

/* Begin PBXFileReference section */
		882659661A3D95E90031D412 /* Timer.app */ = {isa = PBXFileReference; explicitFileType = wrapper.application; includeInIndex = 0; path = Timer.app; sourceTree = BUILT_PRODUCTS_DIR; };
		8826596A1A3D95E90031D412 /* Info.plist */ = {isa = PBXFileReference; lastKnownFileType = text.plist.xml; path = Info.plist; sourceTree = "<group>"; };
		8826596B1A3D95E90031D412 /* main.m */ = {isa = PBXFileReference; lastKnownFileType = sourcecode.c.objc; path = main.m; sourceTree = "<group>"; };
		882659741A3D95E90031D412 /* Base */ = {isa = PBXFileReference; lastKnownFileType = file.storyboard; name = Base; path = Base.lproj/Main.storyboard; sourceTree = "<group>"; };
		882659761A3D95E90031D412 /* Images.xcassets */ = {isa = PBXFileReference; lastKnownFileType = folder.assetcatalog; path = Images.xcassets; sourceTree = "<group>"; };
		882659791A3D95E90031D412 /* Base */ = {isa = PBXFileReference; lastKnownFileType = file.xib; name = Base; path = Base.lproj/LaunchScreen.xib; sourceTree = "<group>"; };
		8826597F1A3D95EA0031D412 /* TimerTests.xctest */ = {isa = PBXFileReference; explicitFileType = wrapper.cfbundle; includeInIndex = 0; path = TimerTests.xctest; sourceTree = BUILT_PRODUCTS_DIR; };
		882659841A3D95EA0031D412 /* Info.plist */ = {isa = PBXFileReference; lastKnownFileType = text.plist.xml; path = Info.plist; sourceTree = "<group>"; };
		882659851A3D95EA0031D412 /* TimerTests.m */ = {isa = PBXFileReference; lastKnownFileType = sourcecode.c.objc; path = TimerTests.m; sourceTree = "<group>"; };
		8840D87E1A4C73C2001F3D52 /* RegisterViewController.h */ = {isa = PBXFileReference; fileEncoding = 4; lastKnownFileType = sourcecode.c.h; path = RegisterViewController.h; sourceTree = "<group>"; };
		8840D87F1A4C73C2001F3D52 /* RegisterViewController.m */ = {isa = PBXFileReference; fileEncoding = 4; lastKnownFileType = sourcecode.c.objc; path = RegisterViewController.m; sourceTree = "<group>"; };
		8840D8811A4C7612001F3D52 /* RegisterViewController.xib */ = {isa = PBXFileReference; fileEncoding = 4; lastKnownFileType = file.xib; path = RegisterViewController.xib; sourceTree = "<group>"; };
		8840D8841A4CF732001F3D52 /* RegistrationLogic.h */ = {isa = PBXFileReference; fileEncoding = 4; lastKnownFileType = sourcecode.c.h; path = RegistrationLogic.h; sourceTree = "<group>"; };
		8840D8851A4CF732001F3D52 /* RegistrationLogic.m */ = {isa = PBXFileReference; fileEncoding = 4; lastKnownFileType = sourcecode.c.objc; path = RegistrationLogic.m; sourceTree = "<group>"; };
		8840D88E1A515AC0001F3D52 /* TimerListCell.h */ = {isa = PBXFileReference; fileEncoding = 4; lastKnownFileType = sourcecode.c.h; path = TimerListCell.h; sourceTree = "<group>"; };
		8840D88F1A515AC0001F3D52 /* TimerListCell.m */ = {isa = PBXFileReference; fileEncoding = 4; lastKnownFileType = sourcecode.c.objc; path = TimerListCell.m; sourceTree = "<group>"; };
		886F14181A56AF6A00300B46 /* TimerFormatter.h */ = {isa = PBXFileReference; fileEncoding = 4; lastKnownFileType = sourcecode.c.h; path = TimerFormatter.h; sourceTree = "<group>"; };
		886F14191A56AF6A00300B46 /* TimerFormatter.m */ = {isa = PBXFileReference; fileEncoding = 4; lastKnownFileType = sourcecode.c.objc; path = TimerFormatter.m; sourceTree = "<group>"; };
		886F141B1A56B3AA00300B46 /* NSObject+PropertyList.h */ = {isa = PBXFileReference; fileEncoding = 4; lastKnownFileType = sourcecode.c.h; path = "NSObject+PropertyList.h"; sourceTree = "<group>"; };
		886F141C1A56B3AA00300B46 /* NSObject+PropertyList.m */ = {isa = PBXFileReference; fileEncoding = 4; lastKnownFileType = sourcecode.c.objc; path = "NSObject+PropertyList.m"; sourceTree = "<group>"; };
		88AA592C1A3DAA3600C81DDA /* TimerDTO.h */ = {isa = PBXFileReference; fileEncoding = 4; lastKnownFileType = sourcecode.c.h; path = TimerDTO.h; sourceTree = "<group>"; };
		88AA592D1A3DAA3600C81DDA /* TimerDTO.mm */ = {isa = PBXFileReference; fileEncoding = 4; lastKnownFileType = sourcecode.cpp.objcpp; path = TimerDTO.mm; sourceTree = "<group>"; };
		88AA592F1A45186F00C81DDA /* ListViewController.h */ = {isa = PBXFileReference; fileEncoding = 4; lastKnownFileType = sourcecode.c.h; path = ListViewController.h; sourceTree = "<group>"; };
		88AA59301A45186F00C81DDA /* ListViewController.m */ = {isa = PBXFileReference; fileEncoding = 4; lastKnownFileType = sourcecode.c.objc; path = ListViewController.m; sourceTree = "<group>"; };
		88AA59321A45187300C81DDA /* AppDelegate.h */ = {isa = PBXFileReference; fileEncoding = 4; lastKnownFileType = sourcecode.c.h; path = AppDelegate.h; sourceTree = "<group>"; };
		88AA59331A45187300C81DDA /* AppDelegate.m */ = {isa = PBXFileReference; fileEncoding = 4; lastKnownFileType = sourcecode.c.objc; path = AppDelegate.m; sourceTree = "<group>"; };
		88AA59381A451F7900C81DDA /* TimerService.h */ = {isa = PBXFileReference; fileEncoding = 4; lastKnownFileType = sourcecode.c.h; path = TimerService.h; sourceTree = "<group>"; };
		88AA59391A451F7900C81DDA /* TimerService.mm */ = {isa = PBXFileReference; fileEncoding = 4; lastKnownFileType = sourcecode.cpp.objcpp; path = TimerService.mm; sourceTree = "<group>"; };
		88AA59421A45938500C81DDA /* Configuration.h */ = {isa = PBXFileReference; fileEncoding = 4; lastKnownFileType = sourcecode.c.h; path = Configuration.h; sourceTree = "<group>"; };
		88AA59431A45938500C81DDA /* Configuration.mm */ = {isa = PBXFileReference; fileEncoding = 4; lastKnownFileType = sourcecode.cpp.objcpp; path = Configuration.mm; sourceTree = "<group>"; };
		88AA59471A4725E000C81DDA /* TimerServiceTest.m */ = {isa = PBXFileReference; fileEncoding = 4; lastKnownFileType = sourcecode.c.objc; path = TimerServiceTest.m; sourceTree = "<group>"; };
		88AA594A1A4726F800C81DDA /* NSObject+Debug.h */ = {isa = PBXFileReference; fileEncoding = 4; lastKnownFileType = sourcecode.c.h; path = "NSObject+Debug.h"; sourceTree = "<group>"; };
		88AA594B1A4726F800C81DDA /* NSObject+Debug.m */ = {isa = PBXFileReference; fileEncoding = 4; lastKnownFileType = sourcecode.c.objc; path = "NSObject+Debug.m"; sourceTree = "<group>"; };
		88D0AA4F1A61268400990333 /* Graphics.xcodeproj */ = {isa = PBXFileReference; lastKnownFileType = "wrapper.pb-project"; name = Graphics.xcodeproj; path = ../../Graphics/Graphics.xcodeproj; sourceTree = "<group>"; };
		88D0AADE1A66CD3D00990333 /* ProjectCore.xcodeproj */ = {isa = PBXFileReference; lastKnownFileType = "wrapper.pb-project"; name = ProjectCore.xcodeproj; path = ../../ProjectCore/ProjectCore.xcodeproj; sourceTree = "<group>"; };
		88D148D31A3D9F5700255E52 /* Timer_Core.xcodeproj */ = {isa = PBXFileReference; lastKnownFileType = "wrapper.pb-project"; name = Timer_Core.xcodeproj; path = ../../Timer_Core/Timer_Core.xcodeproj; sourceTree = "<group>"; };
		88E207301A543B4D005D1C5D /* EditViewController.h */ = {isa = PBXFileReference; fileEncoding = 4; lastKnownFileType = sourcecode.c.h; path = EditViewController.h; sourceTree = "<group>"; };
		88E207311A543B4D005D1C5D /* EditViewController.m */ = {isa = PBXFileReference; fileEncoding = 4; lastKnownFileType = sourcecode.c.objc; path = EditViewController.m; sourceTree = "<group>"; };
		88E207351A543C58005D1C5D /* EditViewController.xib */ = {isa = PBXFileReference; fileEncoding = 4; lastKnownFileType = file.xib; path = EditViewController.xib; sourceTree = "<group>"; };
		88E207371A544009005D1C5D /* EditSetViewController.h */ = {isa = PBXFileReference; fileEncoding = 4; lastKnownFileType = sourcecode.c.h; path = EditSetViewController.h; sourceTree = "<group>"; };
		88E207381A544009005D1C5D /* EditSetViewController.m */ = {isa = PBXFileReference; fileEncoding = 4; lastKnownFileType = sourcecode.c.objc; path = EditSetViewController.m; sourceTree = "<group>"; };
		88E2073B1A5449C2005D1C5D /* UIView+Defaults.h */ = {isa = PBXFileReference; fileEncoding = 4; lastKnownFileType = sourcecode.c.h; path = "UIView+Defaults.h"; sourceTree = "<group>"; };
		88E2073C1A5449C2005D1C5D /* UIView+Defaults.m */ = {isa = PBXFileReference; fileEncoding = 4; lastKnownFileType = sourcecode.c.objc; path = "UIView+Defaults.m"; sourceTree = "<group>"; };
		88E2073E1A544AA8005D1C5D /* Timer-iOS.pch */ = {isa = PBXFileReference; lastKnownFileType = sourcecode.c.h; path = "Timer-iOS.pch"; sourceTree = "<group>"; };
/* End PBXFileReference section */

/* Begin PBXFrameworksBuildPhase section */
		882659631A3D95E90031D412 /* Frameworks */ = {
			isa = PBXFrameworksBuildPhase;
			buildActionMask = 2147483647;
			files = (
				88D0AAFD1A66CFEF00990333 /* ProjectCore.framework in Frameworks */,
				88AA59411A458D8000C81DDA /* libTimerLib.a in Frameworks */,
				88D0AA5B1A6126A300990333 /* libGraphics.a in Frameworks */,
			);
			runOnlyForDeploymentPostprocessing = 0;
		};
		8826597C1A3D95EA0031D412 /* Frameworks */ = {
			isa = PBXFrameworksBuildPhase;
			buildActionMask = 2147483647;
			files = (
			);
			runOnlyForDeploymentPostprocessing = 0;
		};
/* End PBXFrameworksBuildPhase section */

/* Begin PBXGroup section */
		8826595D1A3D95E90031D412 = {
			isa = PBXGroup;
			children = (
				882659681A3D95E90031D412 /* Timer */,
				882659821A3D95EA0031D412 /* TimerTests */,
				882659671A3D95E90031D412 /* Products */,
			);
			sourceTree = "<group>";
		};
		882659671A3D95E90031D412 /* Products */ = {
			isa = PBXGroup;
			children = (
				882659661A3D95E90031D412 /* Timer.app */,
				8826597F1A3D95EA0031D412 /* TimerTests.xctest */,
			);
			name = Products;
			sourceTree = "<group>";
		};
		882659681A3D95E90031D412 /* Timer */ = {
			isa = PBXGroup;
			children = (
				88AA59251A3DA85200C81DDA /* Classes */,
				8826598F1A3D95F50031D412 /* Dependencies */,
				882659731A3D95E90031D412 /* Main.storyboard */,
				882659761A3D95E90031D412 /* Images.xcassets */,
				882659781A3D95E90031D412 /* LaunchScreen.xib */,
				882659691A3D95E90031D412 /* Supporting Files */,
			);
			path = Timer;
			sourceTree = "<group>";
		};
		882659691A3D95E90031D412 /* Supporting Files */ = {
			isa = PBXGroup;
			children = (
				8826596A1A3D95E90031D412 /* Info.plist */,
				8826596B1A3D95E90031D412 /* main.m */,
				88E2073E1A544AA8005D1C5D /* Timer-iOS.pch */,
			);
			name = "Supporting Files";
			sourceTree = "<group>";
		};
		882659821A3D95EA0031D412 /* TimerTests */ = {
			isa = PBXGroup;
			children = (
				882659851A3D95EA0031D412 /* TimerTests.m */,
				882659831A3D95EA0031D412 /* Supporting Files */,
				88AA59471A4725E000C81DDA /* TimerServiceTest.m */,
			);
			path = TimerTests;
			sourceTree = "<group>";
		};
		882659831A3D95EA0031D412 /* Supporting Files */ = {
			isa = PBXGroup;
			children = (
				882659841A3D95EA0031D412 /* Info.plist */,
			);
			name = "Supporting Files";
			sourceTree = "<group>";
		};
		8826598F1A3D95F50031D412 /* Dependencies */ = {
			isa = PBXGroup;
			children = (
				88D0AADE1A66CD3D00990333 /* ProjectCore.xcodeproj */,
				88D0AA4F1A61268400990333 /* Graphics.xcodeproj */,
				88D148D31A3D9F5700255E52 /* Timer_Core.xcodeproj */,
			);
			name = Dependencies;
			sourceTree = "<group>";
		};
		8840D8781A4C7100001F3D52 /* Views */ = {
			isa = PBXGroup;
			children = (
				886F14171A56AF5C00300B46 /* Formatter */,
				8840D88D1A515AC0001F3D52 /* Cells */,
			);
			path = Views;
			sourceTree = "<group>";
		};
		8840D8831A4CF722001F3D52 /* Logic */ = {
			isa = PBXGroup;
			children = (
				8840D8841A4CF732001F3D52 /* RegistrationLogic.h */,
				8840D8851A4CF732001F3D52 /* RegistrationLogic.m */,
			);
			path = Logic;
			sourceTree = "<group>";
		};
		8840D88D1A515AC0001F3D52 /* Cells */ = {
			isa = PBXGroup;
			children = (
				8840D88E1A515AC0001F3D52 /* TimerListCell.h */,
				8840D88F1A515AC0001F3D52 /* TimerListCell.m */,
			);
			path = Cells;
			sourceTree = "<group>";
		};
		886F14171A56AF5C00300B46 /* Formatter */ = {
			isa = PBXGroup;
			children = (
				886F14181A56AF6A00300B46 /* TimerFormatter.h */,
				886F14191A56AF6A00300B46 /* TimerFormatter.m */,
			);
			path = Formatter;
			sourceTree = "<group>";
		};
		88AA59251A3DA85200C81DDA /* Classes */ = {
			isa = PBXGroup;
			children = (
				88AA59321A45187300C81DDA /* AppDelegate.h */,
				88AA59331A45187300C81DDA /* AppDelegate.m */,
				8840D8781A4C7100001F3D52 /* Views */,
				88AA59261A3DA85200C81DDA /* Controllers */,
				88AA59271A3DA85200C81DDA /* Models */,
				88AA59281A3DA85200C81DDA /* Services */,
			);
			path = Classes;
			sourceTree = "<group>";
		};
		88AA59261A3DA85200C81DDA /* Controllers */ = {
			isa = PBXGroup;
			children = (
				88E2073A1A5449B2005D1C5D /* Extensions */,
				88AA592F1A45186F00C81DDA /* ListViewController.h */,
				88AA59301A45186F00C81DDA /* ListViewController.m */,
				8840D87E1A4C73C2001F3D52 /* RegisterViewController.h */,
				8840D87F1A4C73C2001F3D52 /* RegisterViewController.m */,
				8840D8811A4C7612001F3D52 /* RegisterViewController.xib */,
				88E207301A543B4D005D1C5D /* EditViewController.h */,
				88E207311A543B4D005D1C5D /* EditViewController.m */,
				88E207351A543C58005D1C5D /* EditViewController.xib */,
				88E207371A544009005D1C5D /* EditSetViewController.h */,
				88E207381A544009005D1C5D /* EditSetViewController.m */,
			);
			path = Controllers;
			sourceTree = "<group>";
		};
		88AA59271A3DA85200C81DDA /* Models */ = {
			isa = PBXGroup;
			children = (
				8840D8831A4CF722001F3D52 /* Logic */,
				88AA59491A4726DE00C81DDA /* Extensions */,
				88AA592C1A3DAA3600C81DDA /* TimerDTO.h */,
				88AA592D1A3DAA3600C81DDA /* TimerDTO.mm */,
				88AA59421A45938500C81DDA /* Configuration.h */,
				88AA59431A45938500C81DDA /* Configuration.mm */,
			);
			path = Models;
			sourceTree = "<group>";
		};
		88AA59281A3DA85200C81DDA /* Services */ = {
			isa = PBXGroup;
			children = (
				88AA59381A451F7900C81DDA /* TimerService.h */,
				88AA59391A451F7900C81DDA /* TimerService.mm */,
			);
			path = Services;
			sourceTree = "<group>";
		};
		88AA59491A4726DE00C81DDA /* Extensions */ = {
			isa = PBXGroup;
			children = (
				88AA594A1A4726F800C81DDA /* NSObject+Debug.h */,
				88AA594B1A4726F800C81DDA /* NSObject+Debug.m */,
				886F141B1A56B3AA00300B46 /* NSObject+PropertyList.h */,
				886F141C1A56B3AA00300B46 /* NSObject+PropertyList.m */,
			);
			path = Extensions;
			sourceTree = "<group>";
		};
		88D0AA501A61268400990333 /* Products */ = {
			isa = PBXGroup;
			children = (
				88D0AA561A61268500990333 /* Graphics.app */,
				88D0AA581A61268500990333 /* GraphicsTests.xctest */,
				88D0AA5A1A61268500990333 /* libGraphics.a */,
			);
			name = Products;
			sourceTree = "<group>";
		};
		88D0AADF1A66CD3D00990333 /* Products */ = {
			isa = PBXGroup;
			children = (
				88D0AAE61A66CD3E00990333 /* ProjectCore.framework */,
				88D0AAE81A66CD3E00990333 /* ProjectCoreTests.xctest */,
			);
			name = Products;
			sourceTree = "<group>";
		};
		88D148D41A3D9F5700255E52 /* Products */ = {
			isa = PBXGroup;
			children = (
				88D148DA1A3D9F5700255E52 /* Timer_Core */,
				88D148DC1A3D9F5700255E52 /* Timer_CoreTest.xctest */,
				88D148DE1A3D9F5700255E52 /* libTimerLib.a */,
			);
			name = Products;
			sourceTree = "<group>";
		};
		88E2073A1A5449B2005D1C5D /* Extensions */ = {
			isa = PBXGroup;
			children = (
				88E2073B1A5449C2005D1C5D /* UIView+Defaults.h */,
				88E2073C1A5449C2005D1C5D /* UIView+Defaults.m */,
			);
			path = Extensions;
			sourceTree = "<group>";
		};
/* End PBXGroup section */

/* Begin PBXNativeTarget section */
		882659651A3D95E90031D412 /* Timer */ = {
			isa = PBXNativeTarget;
			buildConfigurationList = 882659891A3D95EA0031D412 /* Build configuration list for PBXNativeTarget "Timer" */;
			buildPhases = (
				882659621A3D95E90031D412 /* Sources */,
				882659631A3D95E90031D412 /* Frameworks */,
				882659641A3D95E90031D412 /* Resources */,
				88D0AB0E1A66D37700990333 /* CopyFiles */,
			);
			buildRules = (
			);
			dependencies = (
				88D0AAFC1A66CFE500990333 /* PBXTargetDependency */,
				88D0AA5D1A6126AE00990333 /* PBXTargetDependency */,
				88AA59401A458D7800C81DDA /* PBXTargetDependency */,
			);
			name = Timer;
			productName = Timer;
			productReference = 882659661A3D95E90031D412 /* Timer.app */;
			productType = "com.apple.product-type.application";
		};
		8826597E1A3D95EA0031D412 /* TimerTests */ = {
			isa = PBXNativeTarget;
			buildConfigurationList = 8826598C1A3D95EA0031D412 /* Build configuration list for PBXNativeTarget "TimerTests" */;
			buildPhases = (
				8826597B1A3D95EA0031D412 /* Sources */,
				8826597C1A3D95EA0031D412 /* Frameworks */,
				8826597D1A3D95EA0031D412 /* Resources */,
			);
			buildRules = (
			);
			dependencies = (
				882659811A3D95EA0031D412 /* PBXTargetDependency */,
			);
			name = TimerTests;
			productName = TimerTests;
			productReference = 8826597F1A3D95EA0031D412 /* TimerTests.xctest */;
			productType = "com.apple.product-type.bundle.unit-test";
		};
/* End PBXNativeTarget section */

/* Begin PBXProject section */
		8826595E1A3D95E90031D412 /* Project object */ = {
			isa = PBXProject;
			attributes = {
				LastUpgradeCheck = 0600;
				ORGANIZATIONNAME = yasu;
				TargetAttributes = {
					882659651A3D95E90031D412 = {
						CreatedOnToolsVersion = 6.0.1;
					};
					8826597E1A3D95EA0031D412 = {
						CreatedOnToolsVersion = 6.0.1;
						TestTargetID = 882659651A3D95E90031D412;
					};
				};
			};
			buildConfigurationList = 882659611A3D95E90031D412 /* Build configuration list for PBXProject "Timer" */;
			compatibilityVersion = "Xcode 3.2";
			developmentRegion = English;
			hasScannedForEncodings = 0;
			knownRegions = (
				en,
				Base,
			);
			mainGroup = 8826595D1A3D95E90031D412;
			productRefGroup = 882659671A3D95E90031D412 /* Products */;
			projectDirPath = "";
			projectReferences = (
				{
					ProductGroup = 88D0AA501A61268400990333 /* Products */;
					ProjectRef = 88D0AA4F1A61268400990333 /* Graphics.xcodeproj */;
				},
				{
					ProductGroup = 88D0AADF1A66CD3D00990333 /* Products */;
					ProjectRef = 88D0AADE1A66CD3D00990333 /* ProjectCore.xcodeproj */;
				},
				{
					ProductGroup = 88D148D41A3D9F5700255E52 /* Products */;
					ProjectRef = 88D148D31A3D9F5700255E52 /* Timer_Core.xcodeproj */;
				},
			);
			projectRoot = "";
			targets = (
				882659651A3D95E90031D412 /* Timer */,
				8826597E1A3D95EA0031D412 /* TimerTests */,
			);
		};
/* End PBXProject section */

/* Begin PBXReferenceProxy section */
		88D0AA561A61268500990333 /* Graphics.app */ = {
			isa = PBXReferenceProxy;
			fileType = wrapper.application;
			path = Graphics.app;
			remoteRef = 88D0AA551A61268500990333 /* PBXContainerItemProxy */;
			sourceTree = BUILT_PRODUCTS_DIR;
		};
		88D0AA581A61268500990333 /* GraphicsTests.xctest */ = {
			isa = PBXReferenceProxy;
			fileType = wrapper.cfbundle;
			path = GraphicsTests.xctest;
			remoteRef = 88D0AA571A61268500990333 /* PBXContainerItemProxy */;
			sourceTree = BUILT_PRODUCTS_DIR;
		};
		88D0AA5A1A61268500990333 /* libGraphics.a */ = {
			isa = PBXReferenceProxy;
			fileType = archive.ar;
			path = libGraphics.a;
			remoteRef = 88D0AA591A61268500990333 /* PBXContainerItemProxy */;
			sourceTree = BUILT_PRODUCTS_DIR;
		};
		88D0AAE61A66CD3E00990333 /* ProjectCore.framework */ = {
			isa = PBXReferenceProxy;
			fileType = wrapper.framework;
			path = ProjectCore.framework;
			remoteRef = 88D0AAE51A66CD3E00990333 /* PBXContainerItemProxy */;
			sourceTree = BUILT_PRODUCTS_DIR;
		};
		88D0AAE81A66CD3E00990333 /* ProjectCoreTests.xctest */ = {
			isa = PBXReferenceProxy;
			fileType = wrapper.cfbundle;
			path = ProjectCoreTests.xctest;
			remoteRef = 88D0AAE71A66CD3E00990333 /* PBXContainerItemProxy */;
			sourceTree = BUILT_PRODUCTS_DIR;
		};
		88D148DA1A3D9F5700255E52 /* Timer_Core */ = {
			isa = PBXReferenceProxy;
			fileType = "compiled.mach-o.executable";
			path = Timer_Core;
			remoteRef = 88D148D91A3D9F5700255E52 /* PBXContainerItemProxy */;
			sourceTree = BUILT_PRODUCTS_DIR;
		};
		88D148DC1A3D9F5700255E52 /* Timer_CoreTest.xctest */ = {
			isa = PBXReferenceProxy;
			fileType = wrapper.cfbundle;
			path = Timer_CoreTest.xctest;
			remoteRef = 88D148DB1A3D9F5700255E52 /* PBXContainerItemProxy */;
			sourceTree = BUILT_PRODUCTS_DIR;
		};
		88D148DE1A3D9F5700255E52 /* libTimerLib.a */ = {
			isa = PBXReferenceProxy;
			fileType = archive.ar;
			path = libTimerLib.a;
			remoteRef = 88D148DD1A3D9F5700255E52 /* PBXContainerItemProxy */;
			sourceTree = BUILT_PRODUCTS_DIR;
		};
/* End PBXReferenceProxy section */

/* Begin PBXResourcesBuildPhase section */
		882659641A3D95E90031D412 /* Resources */ = {
			isa = PBXResourcesBuildPhase;
			buildActionMask = 2147483647;
			files = (
				882659751A3D95E90031D412 /* Main.storyboard in Resources */,
				8826597A1A3D95E90031D412 /* LaunchScreen.xib in Resources */,
				88E207361A543C58005D1C5D /* EditViewController.xib in Resources */,
				882659771A3D95E90031D412 /* Images.xcassets in Resources */,
				8840D8821A4C7612001F3D52 /* RegisterViewController.xib in Resources */,
			);
			runOnlyForDeploymentPostprocessing = 0;
		};
		8826597D1A3D95EA0031D412 /* Resources */ = {
			isa = PBXResourcesBuildPhase;
			buildActionMask = 2147483647;
			files = (
			);
			runOnlyForDeploymentPostprocessing = 0;
		};
/* End PBXResourcesBuildPhase section */

/* Begin PBXSourcesBuildPhase section */
		882659621A3D95E90031D412 /* Sources */ = {
			isa = PBXSourcesBuildPhase;
			buildActionMask = 2147483647;
			files = (
				88AA59441A45938500C81DDA /* Configuration.mm in Sources */,
				88AA593A1A451F7900C81DDA /* TimerService.mm in Sources */,
				886F141A1A56AF6A00300B46 /* TimerFormatter.m in Sources */,
				88AA59341A45187300C81DDA /* AppDelegate.m in Sources */,
				8840D8901A515AC0001F3D52 /* TimerListCell.m in Sources */,
				8840D8861A4CF732001F3D52 /* RegistrationLogic.m in Sources */,
				88E2073D1A5449C2005D1C5D /* UIView+Defaults.m in Sources */,
				886F141D1A56B3AA00300B46 /* NSObject+PropertyList.m in Sources */,
				8826596C1A3D95E90031D412 /* main.m in Sources */,
				88E207391A544009005D1C5D /* EditSetViewController.m in Sources */,
				8840D8801A4C73C2001F3D52 /* RegisterViewController.m in Sources */,
				88AA592E1A3DAA3600C81DDA /* TimerDTO.mm in Sources */,
				88E207321A543B4D005D1C5D /* EditViewController.m in Sources */,
				88AA594C1A4726F800C81DDA /* NSObject+Debug.m in Sources */,
				88AA59311A45186F00C81DDA /* ListViewController.m in Sources */,
			);
			runOnlyForDeploymentPostprocessing = 0;
		};
		8826597B1A3D95EA0031D412 /* Sources */ = {
			isa = PBXSourcesBuildPhase;
			buildActionMask = 2147483647;
			files = (
				882659861A3D95EA0031D412 /* TimerTests.m in Sources */,
				88AA594E1A47EBD200C81DDA /* TimerService.mm in Sources */,
				88AA59481A4725E000C81DDA /* TimerServiceTest.m in Sources */,
				88AA594F1A47EC2600C81DDA /* Configuration.mm in Sources */,
			);
			runOnlyForDeploymentPostprocessing = 0;
		};
/* End PBXSourcesBuildPhase section */

/* Begin PBXTargetDependency section */
		882659811A3D95EA0031D412 /* PBXTargetDependency */ = {
			isa = PBXTargetDependency;
			target = 882659651A3D95E90031D412 /* Timer */;
			targetProxy = 882659801A3D95EA0031D412 /* PBXContainerItemProxy */;
		};
		88AA59401A458D7800C81DDA /* PBXTargetDependency */ = {
			isa = PBXTargetDependency;
			name = TimerLib;
			targetProxy = 88AA593F1A458D7800C81DDA /* PBXContainerItemProxy */;
		};
		88D0AA5D1A6126AE00990333 /* PBXTargetDependency */ = {
			isa = PBXTargetDependency;
			name = GraphicsLib;
			targetProxy = 88D0AA5C1A6126AE00990333 /* PBXContainerItemProxy */;
		};
		88D0AAFC1A66CFE500990333 /* PBXTargetDependency */ = {
			isa = PBXTargetDependency;
			name = ProjectCore;
			targetProxy = 88D0AAFB1A66CFE500990333 /* PBXContainerItemProxy */;
		};
/* End PBXTargetDependency section */

/* Begin PBXVariantGroup section */
		882659731A3D95E90031D412 /* Main.storyboard */ = {
			isa = PBXVariantGroup;
			children = (
				882659741A3D95E90031D412 /* Base */,
			);
			name = Main.storyboard;
			sourceTree = "<group>";
		};
		882659781A3D95E90031D412 /* LaunchScreen.xib */ = {
			isa = PBXVariantGroup;
			children = (
				882659791A3D95E90031D412 /* Base */,
			);
			name = LaunchScreen.xib;
			sourceTree = "<group>";
		};
/* End PBXVariantGroup section */

/* Begin XCBuildConfiguration section */
		882659871A3D95EA0031D412 /* Debug */ = {
			isa = XCBuildConfiguration;
			buildSettings = {
				ALWAYS_SEARCH_USER_PATHS = NO;
				CLANG_CXX_LANGUAGE_STANDARD = "gnu++0x";
				CLANG_CXX_LIBRARY = "libc++";
				CLANG_ENABLE_MODULES = YES;
				CLANG_ENABLE_OBJC_ARC = YES;
				CLANG_WARN_BOOL_CONVERSION = YES;
				CLANG_WARN_CONSTANT_CONVERSION = YES;
				CLANG_WARN_DIRECT_OBJC_ISA_USAGE = YES_ERROR;
				CLANG_WARN_EMPTY_BODY = YES;
				CLANG_WARN_ENUM_CONVERSION = YES;
				CLANG_WARN_INT_CONVERSION = YES;
				CLANG_WARN_OBJC_ROOT_CLASS = YES_ERROR;
				CLANG_WARN_UNREACHABLE_CODE = YES;
				CLANG_WARN__DUPLICATE_METHOD_MATCH = YES;
				"CODE_SIGN_IDENTITY[sdk=iphoneos*]" = "iPhone Developer";
				COPY_PHASE_STRIP = NO;
				ENABLE_STRICT_OBJC_MSGSEND = YES;
				GCC_C_LANGUAGE_STANDARD = gnu99;
				GCC_DYNAMIC_NO_PIC = NO;
				GCC_OPTIMIZATION_LEVEL = 0;
				GCC_PREPROCESSOR_DEFINITIONS = (
					"DEBUG=1",
					"$(inherited)",
				);
				GCC_SYMBOLS_PRIVATE_EXTERN = NO;
				GCC_WARN_64_TO_32_BIT_CONVERSION = YES;
				GCC_WARN_ABOUT_RETURN_TYPE = YES_ERROR;
				GCC_WARN_UNDECLARED_SELECTOR = YES;
				GCC_WARN_UNINITIALIZED_AUTOS = YES_AGGRESSIVE;
				GCC_WARN_UNUSED_FUNCTION = YES;
				GCC_WARN_UNUSED_VARIABLE = YES;
				IPHONEOS_DEPLOYMENT_TARGET = 8.0;
				MTL_ENABLE_DEBUG_INFO = YES;
				ONLY_ACTIVE_ARCH = YES;
				SDKROOT = iphoneos;
			};
			name = Debug;
		};
		882659881A3D95EA0031D412 /* Release */ = {
			isa = XCBuildConfiguration;
			buildSettings = {
				ALWAYS_SEARCH_USER_PATHS = NO;
				CLANG_CXX_LANGUAGE_STANDARD = "gnu++0x";
				CLANG_CXX_LIBRARY = "libc++";
				CLANG_ENABLE_MODULES = YES;
				CLANG_ENABLE_OBJC_ARC = YES;
				CLANG_WARN_BOOL_CONVERSION = YES;
				CLANG_WARN_CONSTANT_CONVERSION = YES;
				CLANG_WARN_DIRECT_OBJC_ISA_USAGE = YES_ERROR;
				CLANG_WARN_EMPTY_BODY = YES;
				CLANG_WARN_ENUM_CONVERSION = YES;
				CLANG_WARN_INT_CONVERSION = YES;
				CLANG_WARN_OBJC_ROOT_CLASS = YES_ERROR;
				CLANG_WARN_UNREACHABLE_CODE = YES;
				CLANG_WARN__DUPLICATE_METHOD_MATCH = YES;
				"CODE_SIGN_IDENTITY[sdk=iphoneos*]" = "iPhone Developer";
				COPY_PHASE_STRIP = YES;
				ENABLE_NS_ASSERTIONS = NO;
				ENABLE_STRICT_OBJC_MSGSEND = YES;
				GCC_C_LANGUAGE_STANDARD = gnu99;
				GCC_WARN_64_TO_32_BIT_CONVERSION = YES;
				GCC_WARN_ABOUT_RETURN_TYPE = YES_ERROR;
				GCC_WARN_UNDECLARED_SELECTOR = YES;
				GCC_WARN_UNINITIALIZED_AUTOS = YES_AGGRESSIVE;
				GCC_WARN_UNUSED_FUNCTION = YES;
				GCC_WARN_UNUSED_VARIABLE = YES;
				IPHONEOS_DEPLOYMENT_TARGET = 8.0;
				MTL_ENABLE_DEBUG_INFO = NO;
				SDKROOT = iphoneos;
				VALIDATE_PRODUCT = YES;
			};
			name = Release;
		};
		8826598A1A3D95EA0031D412 /* Debug */ = {
			isa = XCBuildConfiguration;
			buildSettings = {
				ASSETCATALOG_COMPILER_APPICON_NAME = AppIcon;
				FRAMEWORK_SEARCH_PATHS = (
					"$(inherited)",
					"${SRCROOT}/../Framework/",
				);
				GCC_PRECOMPILE_PREFIX_HEADER = YES;
				GCC_PREFIX_HEADER = "${SRCROOT}/Timer/Timer-iOS.pch";
				HEADER_SEARCH_PATHS = (
					"$(inherited)",
					/Applications/Xcode.app/Contents/Developer/Toolchains/XcodeDefault.xctoolchain/usr/include,
					"${SRCROOT}/Build/Products/Debug-iphonesimulator/include/",
				);
				INFOPLIST_FILE = Timer/Info.plist;
				IPHONEOS_DEPLOYMENT_TARGET = 7.0;
				LD_RUNPATH_SEARCH_PATHS = "$(inherited) @executable_path/Frameworks";
				LIBRARY_SEARCH_PATHS = /Users/myuon/Dropbox/Timer/Framework/Graphics.framework;
				OTHER_LDFLAGS = "-ObjC";
				PRODUCT_NAME = "$(TARGET_NAME)";
				REZ_SEARCH_PATHS = "";
			};
			name = Debug;
		};
		8826598B1A3D95EA0031D412 /* Release */ = {
			isa = XCBuildConfiguration;
			buildSettings = {
				ASSETCATALOG_COMPILER_APPICON_NAME = AppIcon;
				FRAMEWORK_SEARCH_PATHS = (
					"$(inherited)",
					"${SRCROOT}/../Framework/",
				);
				GCC_PRECOMPILE_PREFIX_HEADER = YES;
				GCC_PREFIX_HEADER = "${SRCROOT}/Timer/Timer-iOS.pch";
				HEADER_SEARCH_PATHS = (
					"$(inherited)",
					/Applications/Xcode.app/Contents/Developer/Toolchains/XcodeDefault.xctoolchain/usr/include,
					"${SRCROOT}/Build/Products/Debug-iphonesimulator/include/",
				);
				INFOPLIST_FILE = Timer/Info.plist;
				IPHONEOS_DEPLOYMENT_TARGET = 7.0;
				LD_RUNPATH_SEARCH_PATHS = "$(inherited) @executable_path/Frameworks";
				LIBRARY_SEARCH_PATHS = /Users/myuon/Dropbox/Timer/Framework/Graphics.framework;
				OTHER_LDFLAGS = "-ObjC";
				PRODUCT_NAME = "$(TARGET_NAME)";
				REZ_SEARCH_PATHS = "";
			};
			name = Release;
		};
		8826598D1A3D95EA0031D412 /* Debug */ = {
			isa = XCBuildConfiguration;
			buildSettings = {
				BUNDLE_LOADER = "$(TEST_HOST)";
				FRAMEWORK_SEARCH_PATHS = (
					"$(SDKROOT)/Developer/Library/Frameworks",
					"$(inherited)",
				);
				GCC_PRECOMPILE_PREFIX_HEADER = YES;
				GCC_PREFIX_HEADER = "${SRCROOT}/Timer/Timer-iOS.pch";
				GCC_PREPROCESSOR_DEFINITIONS = (
					"DEBUG=1",
					"$(inherited)",
				);
				INFOPLIST_FILE = TimerTests/Info.plist;
				LD_RUNPATH_SEARCH_PATHS = "$(inherited) @executable_path/Frameworks @loader_path/Frameworks";
				PRODUCT_NAME = "$(TARGET_NAME)";
				TEST_HOST = "$(BUILT_PRODUCTS_DIR)/Timer.app/Timer";
			};
			name = Debug;
		};
		8826598E1A3D95EA0031D412 /* Release */ = {
			isa = XCBuildConfiguration;
			buildSettings = {
				BUNDLE_LOADER = "$(TEST_HOST)";
				FRAMEWORK_SEARCH_PATHS = (
					"$(SDKROOT)/Developer/Library/Frameworks",
					"$(inherited)",
				);
				GCC_PRECOMPILE_PREFIX_HEADER = YES;
				GCC_PREFIX_HEADER = "${SRCROOT}/Timer/Timer-iOS.pch";
				INFOPLIST_FILE = TimerTests/Info.plist;
				LD_RUNPATH_SEARCH_PATHS = "$(inherited) @executable_path/Frameworks @loader_path/Frameworks";
				PRODUCT_NAME = "$(TARGET_NAME)";
				TEST_HOST = "$(BUILT_PRODUCTS_DIR)/Timer.app/Timer";
			};
			name = Release;
		};
/* End XCBuildConfiguration section */

/* Begin XCConfigurationList section */
		882659611A3D95E90031D412 /* Build configuration list for PBXProject "Timer" */ = {
			isa = XCConfigurationList;
			buildConfigurations = (
				882659871A3D95EA0031D412 /* Debug */,
				882659881A3D95EA0031D412 /* Release */,
			);
			defaultConfigurationIsVisible = 0;
			defaultConfigurationName = Release;
		};
		882659891A3D95EA0031D412 /* Build configuration list for PBXNativeTarget "Timer" */ = {
			isa = XCConfigurationList;
			buildConfigurations = (
				8826598A1A3D95EA0031D412 /* Debug */,
				8826598B1A3D95EA0031D412 /* Release */,
			);
			defaultConfigurationIsVisible = 0;
			defaultConfigurationName = Release;
		};
		8826598C1A3D95EA0031D412 /* Build configuration list for PBXNativeTarget "TimerTests" */ = {
			isa = XCConfigurationList;
			buildConfigurations = (
				8826598D1A3D95EA0031D412 /* Debug */,
				8826598E1A3D95EA0031D412 /* Release */,
			);
			defaultConfigurationIsVisible = 0;
			defaultConfigurationName = Release;
		};
/* End XCConfigurationList section */
	};
	rootObject = 8826595E1A3D95E90031D412 /* Project object */;
}
